{
    "_readme": [
        "This file locks the dependencies of your project to a known state",
        "Read more about it at https://getcomposer.org/doc/01-basic-usage.md#composer-lock-the-lock-file",
        "This file is @generated automatically"
    ],
    "hash": "c1b8a5b9d4dc05cf104b0dc6adb5d534",
    "packages": [],
    "packages-dev": [
        {
            "name": "fastd/fastd",
            "version": "dev-dev",
            "source": {
                "type": "git",
                "url": "https://github.com/JanHuang/fastD.git",
                "reference": "ed2a6b98d72a171861972ab7cb3aaf0aed1ee06b"
            },
            "dist": {
                "type": "zip",
                "url": "https://api.github.com/repos/JanHuang/fastD/zipball/ed2a6b98d72a171861972ab7cb3aaf0aed1ee06b",
                "reference": "ed2a6b98d72a171861972ab7cb3aaf0aed1ee06b",
                "shasum": ""
            },
            "require": {
                "php": ">=5.4.0"
            },
            "require-dev": {
                "fastd/config": "dev-dev",
                "fastd/console": "dev-dev",
                "fastd/container": "dev-dev",
                "fastd/database": "dev-dev",
                "fastd/debug": "dev-dev",
                "fastd/finder": "dev-dev",
                "fastd/http": "dev-dev",
                "fastd/logger": "dev-dev",
                "fastd/routing": "dev-dev",
                "fastd/storage": "dev-dev",
                "fastd/template": "dev-dev"
            },
            "type": "project",
            "extra": {
                "web": "public"
            },
            "autoload": {
                "psr-4": {
                    "": "src",
                    "Kernel\\": "app/kernel",
                    "Helpers\\": "app/helpers"
                }
            },
            "notification-url": "https://packagist.org/downloads/",
            "license": [
                "MIT"
            ],
            "authors": [
                {
                    "name": "janhuang",
                    "email": "bboyjanhuang@gmail.com"
                }
            ],
            "description": "FastD php simple framework",
            "time": "2015-07-15 07:33:48"
        }
    ],
    "aliases": [],
    "minimum-stability": "dev",
    "stability-flags": {
        "fastd/fastd": 20
    },
    "prefer-stable": false,
    "prefer-lowest": false,
    "platform": {
        "php": ">=5.5"
    },
    "platform-dev": []
}
